
Microsoft Visual Studio Solution File, Format Version 12.00
# Visual Studio 15
Project("{FAE04EC0-301F-11D3-BF4B-00C04F79EFBC}") = "MetroMate", "SubwayConnect\MetroMate.csproj", "{84D33E4E-53A2-42D2-A9FA-716B99F7D471}"
EndProject
Project("{FAE04EC0-301F-11D3-BF4B-00C04F79EFBC}") = "UnitTest", "UnitTest\UnitTest.csproj", "{07A1028F-DCA6-4DBA-855B-01391FF7A03B}"
EndProject
Global
	GlobalSection(SolutionConfigurationPlatforms) = preSolution
		Debug|iPhoneSimulator = Debug|iPhoneSimulator
		Release|iPhoneSimulator = Release|iPhoneSimulator
		Debug|iPhone = Debug|iPhone
		Release|iPhone = Release|iPhone
	EndGlobalSection
	GlobalSection(ProjectConfigurationPlatforms) = postSolution
		{84D33E4E-53A2-42D2-A9FA-716B99F7D471}.Debug|iPhoneSimulator.ActiveCfg = Debug|iPhoneSimulator
		{84D33E4E-53A2-42D2-A9FA-716B99F7D471}.Debug|iPhoneSimulator.Build.0 = Debug|iPhoneSimulator
		{84D33E4E-53A2-42D2-A9FA-716B99F7D471}.Release|iPhoneSimulator.ActiveCfg = Release|iPhoneSimulator
		{84D33E4E-53A2-42D2-A9FA-716B99F7D471}.Release|iPhoneSimulator.Build.0 = Release|iPhoneSimulator
		{84D33E4E-53A2-42D2-A9FA-716B99F7D471}.Debug|iPhone.ActiveCfg = Debug|iPhone
		{84D33E4E-53A2-42D2-A9FA-716B99F7D471}.Debug|iPhone.Build.0 = Debug|iPhone
		{84D33E4E-53A2-42D2-A9FA-716B99F7D471}.Release|iPhone.ActiveCfg = Release|iPhone
		{84D33E4E-53A2-42D2-A9FA-716B99F7D471}.Release|iPhone.Build.0 = Release|iPhone
		{07A1028F-DCA6-4DBA-855B-01391FF7A03B}.Debug|iPhoneSimulator.ActiveCfg = Debug|iPhoneSimulator
		{07A1028F-DCA6-4DBA-855B-01391FF7A03B}.Debug|iPhoneSimulator.Build.0 = Debug|iPhoneSimulator
		{07A1028F-DCA6-4DBA-855B-01391FF7A03B}.Release|iPhoneSimulator.ActiveCfg = Release|iPhoneSimulator
		{07A1028F-DCA6-4DBA-855B-01391FF7A03B}.Release|iPhoneSimulator.Build.0 = Release|iPhoneSimulator
		{07A1028F-DCA6-4DBA-855B-01391FF7A03B}.Debug|iPhone.ActiveCfg = Debug|iPhone
		{07A1028F-DCA6-4DBA-855B-01391FF7A03B}.Debug|iPhone.Build.0 = Debug|iPhone
		{07A1028F-DCA6-4DBA-855B-01391FF7A03B}.Release|iPhone.ActiveCfg = Release|iPhone
		{07A1028F-DCA6-4DBA-855B-01391FF7A03B}.Release|iPhone.Build.0 = Release|iPhone
	EndGlobalSection
EndGlobal
